
Microsoft Visual Studio Solution File, Format Version 12.00
# Visual Studio Version 17
VisualStudioVersion = 17.6.33829.357
MinimumVisualStudioVersion = 10.0.40219.1
Project("{FAE04EC0-301F-11D3-BF4B-00C04F79EFBC}") = "SuperSocketServer2", "SuperSocketServer2\SuperSocketServer2.csproj", "{3E5B9281-563A-415A-BF3C-5778526EBBB3}"
EndProject
Global
	GlobalSection(SolutionConfigurationPlatforms) = preSolution
		Debug|Any CPU = Debug|Any CPU
		Release|Any CPU = Release|Any CPU
	EndGlobalSection
	GlobalSection(ProjectConfigurationPlatforms) = postSolution
		{3E5B9281-563A-415A-BF3C-5778526EBBB3}.Debug|Any CPU.ActiveCfg = Debug|Any CPU
		{3E5B9281-563A-415A-BF3C-5778526EBBB3}.Debug|Any CPU.Build.0 = Debug|Any CPU
		{3E5B9281-563A-415A-BF3C-5778526EBBB3}.Release|Any CPU.ActiveCfg = Release|Any CPU
		{3E5B9281-563A-415A-BF3C-5778526EBBB3}.Release|Any CPU.Build.0 = Release|Any CPU
	EndGlobalSection
	GlobalSection(SolutionProperties) = preSolution
		HideSolutionNode = FALSE
	EndGlobalSection
	GlobalSection(ExtensibilityGlobals) = postSolution
		SolutionGuid = {CBFDF7A2-6BA0-4BF9-88C6-32B8430D2026}
	EndGlobalSection
EndGlobal
